
Microsoft Visual Studio Solution File, Format Version 12.00
# Visual Studio 15
VisualStudioVersion = 15.0.28010.2016
MinimumVisualStudioVersion = 10.0.40219.1
Project("{FAE04EC0-301F-11D3-BF4B-00C04F79EFBC}") = "CrudsApi", "CrudsApi\CrudsApi.csproj", "{040EA963-EF23-4426-BC52-9B3089B278B1}"
EndProject
Global
	GlobalSection(SolutionConfigurationPlatforms) = preSolution
		Debug|Any CPU = Debug|Any CPU
		Release|Any CPU = Release|Any CPU
	EndGlobalSection
	GlobalSection(ProjectConfigurationPlatforms) = postSolution
		{040EA963-EF23-4426-BC52-9B3089B278B1}.Debug|Any CPU.ActiveCfg = Debug|Any CPU
		{040EA963-EF23-4426-BC52-9B3089B278B1}.Debug|Any CPU.Build.0 = Debug|Any CPU
		{040EA963-EF23-4426-BC52-9B3089B278B1}.Release|Any CPU.ActiveCfg = Release|Any CPU
		{040EA963-EF23-4426-BC52-9B3089B278B1}.Release|Any CPU.Build.0 = Release|Any CPU
	EndGlobalSection
	GlobalSection(SolutionProperties) = preSolution
		HideSolutionNode = FALSE
	EndGlobalSection
	GlobalSection(ExtensibilityGlobals) = postSolution
		SolutionGuid = {B27E137E-81C4-4C8B-94E0-0FD16DE730CB}
	EndGlobalSection
EndGlobal
